
Microsoft Visual Studio Solution File, Format Version 12.00
# Visual Studio Version 17
VisualStudioVersion = 17.11.35303.130
MinimumVisualStudioVersion = 10.0.40219.1
Project("{FAE04EC0-301F-11D3-BF4B-00C04F79EFBC}") = "Flower_Management", "Flower_Management\Flower_Management.csproj", "{8D52EBEA-73A9-4955-8DFA-55F8928DB255}"
EndProject
Global
	GlobalSection(SolutionConfigurationPlatforms) = preSolution
		Debug|Any CPU = Debug|Any CPU
		Release|Any CPU = Release|Any CPU
	EndGlobalSection
	GlobalSection(ProjectConfigurationPlatforms) = postSolution
		{8D52EBEA-73A9-4955-8DFA-55F8928DB255}.Debug|Any CPU.ActiveCfg = Debug|Any CPU
		{8D52EBEA-73A9-4955-8DFA-55F8928DB255}.Debug|Any CPU.Build.0 = Debug|Any CPU
		{8D52EBEA-73A9-4955-8DFA-55F8928DB255}.Release|Any CPU.ActiveCfg = Release|Any CPU
		{8D52EBEA-73A9-4955-8DFA-55F8928DB255}.Release|Any CPU.Build.0 = Release|Any CPU
	EndGlobalSection
	GlobalSection(SolutionProperties) = preSolution
		HideSolutionNode = FALSE
	EndGlobalSection
	GlobalSection(ExtensibilityGlobals) = postSolution
		SolutionGuid = {B5961948-4128-4722-A3B9-621224043C74}
	EndGlobalSection
EndGlobal
